// !$*UTF8*$!
{
	archiveVersion = 1;
	classes = {
	};
	objectVersion = 56;
	objects = {

/* Begin PBXBuildFile section */
		7B9465302CCA2E74007BF776 /* MenuFetcher.swift in Sources */ = {isa = PBXBuildFile; fileRef = 7B94652F2CCA2E74007BF776 /* MenuFetcher.swift */; };
		7B9465332CCA3105007BF776 /* Coordinator.swift in Sources */ = {isa = PBXBuildFile; fileRef = 7B9465322CCA3104007BF776 /* Coordinator.swift */; };
		7B9465362CCEC6D1007BF776 /* students.json in Resources */ = {isa = PBXBuildFile; fileRef = 7B9465352CCEC6D1007BF776 /* students.json */; };
		7B9465382CCEC75E007BF776 /* StudentParser.swift in Sources */ = {isa = PBXBuildFile; fileRef = 7B9465372CCEC75E007BF776 /* StudentParser.swift */; };
		7BF756B42CC0F1020069B82C /* AppDelegate.swift in Sources */ = {isa = PBXBuildFile; fileRef = 7BF756B32CC0F1020069B82C /* AppDelegate.swift */; };
		7BF756B62CC0F1020069B82C /* SceneDelegate.swift in Sources */ = {isa = PBXBuildFile; fileRef = 7BF756B52CC0F1020069B82C /* SceneDelegate.swift */; };
		7BF756B82CC0F1020069B82C /* ViewController.swift in Sources */ = {isa = PBXBuildFile; fileRef = 7BF756B72CC0F1020069B82C /* ViewController.swift */; };
		7BF756BB2CC0F1020069B82C /* Base in Resources */ = {isa = PBXBuildFile; fileRef = 7BF756BA2CC0F1020069B82C /* Base */; };
		7BF756BD2CC0F1060069B82C /* Assets.xcassets in Resources */ = {isa = PBXBuildFile; fileRef = 7BF756BC2CC0F1060069B82C /* Assets.xcassets */; };
		7BF756C02CC0F1060069B82C /* Base in Resources */ = {isa = PBXBuildFile; fileRef = 7BF756BF2CC0F1060069B82C /* Base */; };
		7BF756CB2CC0F1060069B82C /* practice1710Tests.swift in Sources */ = {isa = PBXBuildFile; fileRef = 7BF756CA2CC0F1060069B82C /* practice1710Tests.swift */; };
		7BF756D52CC0F1060069B82C /* practice1710UITests.swift in Sources */ = {isa = PBXBuildFile; fileRef = 7BF756D42CC0F1060069B82C /* practice1710UITests.swift */; };
		7BF756D72CC0F1060069B82C /* practice1710UITestsLaunchTests.swift in Sources */ = {isa = PBXBuildFile; fileRef = 7BF756D62CC0F1060069B82C /* practice1710UITestsLaunchTests.swift */; };
		7BF756E52CC0F2320069B82C /* drink.swift in Sources */ = {isa = PBXBuildFile; fileRef = 7BF756E42CC0F2320069B82C /* drink.swift */; };
		7BF756E82CC0F48D0069B82C /* DrinkCell.swift in Sources */ = {isa = PBXBuildFile; fileRef = 7BF756E72CC0F48D0069B82C /* DrinkCell.swift */; };
		7BF756EB2CC0FB360069B82C /* SnapKit in Frameworks */ = {isa = PBXBuildFile; productRef = 7BF756EA2CC0FB360069B82C /* SnapKit */; };
/* End PBXBuildFile section */

/* Begin PBXContainerItemProxy section */
		7BF756C72CC0F1060069B82C /* PBXContainerItemProxy */ = {
			isa = PBXContainerItemProxy;
			containerPortal = 7BF756A82CC0F1020069B82C /* Project object */;
			proxyType = 1;
			remoteGlobalIDString = 7BF756AF2CC0F1020069B82C;
			remoteInfo = practice1710;
		};
		7BF756D12CC0F1060069B82C /* PBXContainerItemProxy */ = {
			isa = PBXContainerItemProxy;
			containerPortal = 7BF756A82CC0F1020069B82C /* Project object */;
			proxyType = 1;
			remoteGlobalIDString = 7BF756AF2CC0F1020069B82C;
			remoteInfo = practice1710;
		};
/* End PBXContainerItemProxy section */

/* Begin PBXFileReference section */
		7B94652F2CCA2E74007BF776 /* MenuFetcher.swift */ = {isa = PBXFileReference; lastKnownFileType = sourcecode.swift; path = MenuFetcher.swift; sourceTree = "<group>"; };
		7B9465322CCA3104007BF776 /* Coordinator.swift */ = {isa = PBXFileReference; lastKnownFileType = sourcecode.swift; path = Coordinator.swift; sourceTree = "<group>"; };
		7B9465352CCEC6D1007BF776 /* students.json */ = {isa = PBXFileReference; fileEncoding = 4; lastKnownFileType = text.json; path = students.json; sourceTree = "<group>"; };
		7B9465372CCEC75E007BF776 /* StudentParser.swift */ = {isa = PBXFileReference; lastKnownFileType = sourcecode.swift; path = StudentParser.swift; sourceTree = "<group>"; };
		7BF756B02CC0F1020069B82C /* practice1710.app */ = {isa = PBXFileReference; explicitFileType = wrapper.application; includeInIndex = 0; path = practice1710.app; sourceTree = BUILT_PRODUCTS_DIR; };
		7BF756B32CC0F1020069B82C /* AppDelegate.swift */ = {isa = PBXFileReference; lastKnownFileType = sourcecode.swift; path = AppDelegate.swift; sourceTree = "<group>"; };
		7BF756B52CC0F1020069B82C /* SceneDelegate.swift */ = {isa = PBXFileReference; lastKnownFileType = sourcecode.swift; path = SceneDelegate.swift; sourceTree = "<group>"; };
		7BF756B72CC0F1020069B82C /* ViewController.swift */ = {isa = PBXFileReference; lastKnownFileType = sourcecode.swift; path = ViewController.swift; sourceTree = "<group>"; };
		7BF756BA2CC0F1020069B82C /* Base */ = {isa = PBXFileReference; lastKnownFileType = file.storyboard; name = Base; path = Base.lproj/Main.storyboard; sourceTree = "<group>"; };
		7BF756BC2CC0F1060069B82C /* Assets.xcassets */ = {isa = PBXFileReference; lastKnownFileType = folder.assetcatalog; path = Assets.xcassets; sourceTree = "<group>"; };
		7BF756BF2CC0F1060069B82C /* Base */ = {isa = PBXFileReference; lastKnownFileType = file.storyboard; name = Base; path = Base.lproj/LaunchScreen.storyboard; sourceTree = "<group>"; };
		7BF756C12CC0F1060069B82C /* Info.plist */ = {isa = PBXFileReference; lastKnownFileType = text.plist.xml; path = Info.plist; sourceTree = "<group>"; };
		7BF756C62CC0F1060069B82C /* practice1710Tests.xctest */ = {isa = PBXFileReference; explicitFileType = wrapper.cfbundle; includeInIndex = 0; path = practice1710Tests.xctest; sourceTree = BUILT_PRODUCTS_DIR; };
		7BF756CA2CC0F1060069B82C /* practice1710Tests.swift */ = {isa = PBXFileReference; lastKnownFileType = sourcecode.swift; path = practice1710Tests.swift; sourceTree = "<group>"; };
		7BF756D02CC0F1060069B82C /* practice1710UITests.xctest */ = {isa = PBXFileReference; explicitFileType = wrapper.cfbundle; includeInIndex = 0; path = practice1710UITests.xctest; sourceTree = BUILT_PRODUCTS_DIR; };
		7BF756D42CC0F1060069B82C /* practice1710UITests.swift */ = {isa = PBXFileReference; lastKnownFileType = sourcecode.swift; path = practice1710UITests.swift; sourceTree = "<group>"; };
		7BF756D62CC0F1060069B82C /* practice1710UITestsLaunchTests.swift */ = {isa = PBXFileReference; lastKnownFileType = sourcecode.swift; path = practice1710UITestsLaunchTests.swift; sourceTree = "<group>"; };
		7BF756E42CC0F2320069B82C /* drink.swift */ = {isa = PBXFileReference; lastKnownFileType = sourcecode.swift; path = drink.swift; sourceTree = "<group>"; };
		7BF756E72CC0F48D0069B82C /* DrinkCell.swift */ = {isa = PBXFileReference; lastKnownFileType = sourcecode.swift; path = DrinkCell.swift; sourceTree = "<group>"; };
/* End PBXFileReference section */

/* Begin PBXFrameworksBuildPhase section */
		7BF756AD2CC0F1020069B82C /* Frameworks */ = {
			isa = PBXFrameworksBuildPhase;
			buildActionMask = 2147483647;
			files = (
				7BF756EB2CC0FB360069B82C /* SnapKit in Frameworks */,
			);
			runOnlyForDeploymentPostprocessing = 0;
		};
		7BF756C32CC0F1060069B82C /* Frameworks */ = {
			isa = PBXFrameworksBuildPhase;
			buildActionMask = 2147483647;
			files = (
			);
			runOnlyForDeploymentPostprocessing = 0;
		};
		7BF756CD2CC0F1060069B82C /* Frameworks */ = {
			isa = PBXFrameworksBuildPhase;
			buildActionMask = 2147483647;
			files = (
			);
			runOnlyForDeploymentPostprocessing = 0;
		};
/* End PBXFrameworksBuildPhase section */

/* Begin PBXGroup section */
		7B9465312CCA2E8F007BF776 /* Navigation */ = {
			isa = PBXGroup;
			children = (
				7B9465322CCA3104007BF776 /* Coordinator.swift */,
			);
			path = Navigation;
			sourceTree = "<group>";
		};
		7B9465342CCEC6BF007BF776 /* JsonParser */ = {
			isa = PBXGroup;
			children = (
				7B9465352CCEC6D1007BF776 /* students.json */,
				7B9465372CCEC75E007BF776 /* StudentParser.swift */,
			);
			path = JsonParser;
			sourceTree = "<group>";
		};
		7BF756A72CC0F1020069B82C = {
			isa = PBXGroup;
			children = (
				7BF756B22CC0F1020069B82C /* practice1710 */,
				7BF756C92CC0F1060069B82C /* practice1710Tests */,
				7BF756D32CC0F1060069B82C /* practice1710UITests */,
				7BF756B12CC0F1020069B82C /* Products */,
			);
			sourceTree = "<group>";
		};
		7BF756B12CC0F1020069B82C /* Products */ = {
			isa = PBXGroup;
			children = (
				7BF756B02CC0F1020069B82C /* practice1710.app */,
				7BF756C62CC0F1060069B82C /* practice1710Tests.xctest */,
				7BF756D02CC0F1060069B82C /* practice1710UITests.xctest */,
			);
			name = Products;
			sourceTree = "<group>";
		};
		7BF756B22CC0F1020069B82C /* practice1710 */ = {
			isa = PBXGroup;
			children = (
				7B9465342CCEC6BF007BF776 /* JsonParser */,
				7B9465312CCA2E8F007BF776 /* Navigation */,
				7BF756E62CC0F4410069B82C /* Views */,
				7BF756E32CC0F2190069B82C /* Models */,
				7BF756B32CC0F1020069B82C /* AppDelegate.swift */,
				7BF756B52CC0F1020069B82C /* SceneDelegate.swift */,
				7BF756B72CC0F1020069B82C /* ViewController.swift */,
				7BF756B92CC0F1020069B82C /* Main.storyboard */,
				7BF756BC2CC0F1060069B82C /* Assets.xcassets */,
				7BF756BE2CC0F1060069B82C /* LaunchScreen.storyboard */,
				7BF756C12CC0F1060069B82C /* Info.plist */,
			);
			path = practice1710;
			sourceTree = "<group>";
		};
		7BF756C92CC0F1060069B82C /* practice1710Tests */ = {
			isa = PBXGroup;
			children = (
				7BF756CA2CC0F1060069B82C /* practice1710Tests.swift */,
			);
			path = practice1710Tests;
			sourceTree = "<group>";
		};
		7BF756D32CC0F1060069B82C /* practice1710UITests */ = {
			isa = PBXGroup;
			children = (
				7BF756D42CC0F1060069B82C /* practice1710UITests.swift */,
				7BF756D62CC0F1060069B82C /* practice1710UITestsLaunchTests.swift */,
			);
			path = practice1710UITests;
			sourceTree = "<group>";
		};
		7BF756E32CC0F2190069B82C /* Models */ = {
			isa = PBXGroup;
			children = (
				7BF756E42CC0F2320069B82C /* drink.swift */,
			);
			path = Models;
			sourceTree = "<group>";
		};
		7BF756E62CC0F4410069B82C /* Views */ = {
			isa = PBXGroup;
			children = (
				7BF756E72CC0F48D0069B82C /* DrinkCell.swift */,
				7B94652F2CCA2E74007BF776 /* MenuFetcher.swift */,
			);
			path = Views;
			sourceTree = "<group>";
		};
/* End PBXGroup section */

/* Begin PBXNativeTarget section */
		7BF756AF2CC0F1020069B82C /* practice1710 */ = {
			isa = PBXNativeTarget;
			buildConfigurationList = 7BF756DA2CC0F1060069B82C /* Build configuration list for PBXNativeTarget "practice1710" */;
			buildPhases = (
				7BF756AC2CC0F1020069B82C /* Sources */,
				7BF756AD2CC0F1020069B82C /* Frameworks */,
				7BF756AE2CC0F1020069B82C /* Resources */,
			);
			buildRules = (
			);
			dependencies = (
			);
			name = practice1710;
			packageProductDependencies = (
				7BF756EA2CC0FB360069B82C /* SnapKit */,
			);
			productName = practice1710;
			productReference = 7BF756B02CC0F1020069B82C /* practice1710.app */;
			productType = "com.apple.product-type.application";
		};
		7BF756C52CC0F1060069B82C /* practice1710Tests */ = {
			isa = PBXNativeTarget;
			buildConfigurationList = 7BF756DD2CC0F1060069B82C /* Build configuration list for PBXNativeTarget "practice1710Tests" */;
			buildPhases = (
				7BF756C22CC0F1060069B82C /* Sources */,
				7BF756C32CC0F1060069B82C /* Frameworks */,
				7BF756C42CC0F1060069B82C /* Resources */,
			);
			buildRules = (
			);
			dependencies = (
				7BF756C82CC0F1060069B82C /* PBXTargetDependency */,
			);
			name = practice1710Tests;
			productName = practice1710Tests;
			productReference = 7BF756C62CC0F1060069B82C /* practice1710Tests.xctest */;
			productType = "com.apple.product-type.bundle.unit-test";
		};
		7BF756CF2CC0F1060069B82C /* practice1710UITests */ = {
			isa = PBXNativeTarget;
			buildConfigurationList = 7BF756E02CC0F1060069B82C /* Build configuration list for PBXNativeTarget "practice1710UITests" */;
			buildPhases = (
				7BF756CC2CC0F1060069B82C /* Sources */,
				7BF756CD2CC0F1060069B82C /* Frameworks */,
				7BF756CE2CC0F1060069B82C /* Resources */,
			);
			buildRules = (
			);
			dependencies = (
				7BF756D22CC0F1060069B82C /* PBXTargetDependency */,
			);
			name = practice1710UITests;
			productName = practice1710UITests;
			productReference = 7BF756D02CC0F1060069B82C /* practice1710UITests.xctest */;
			productType = "com.apple.product-type.bundle.ui-testing";
		};
/* End PBXNativeTarget section */

/* Begin PBXProject section */
		7BF756A82CC0F1020069B82C /* Project object */ = {
			isa = PBXProject;
			attributes = {
				BuildIndependentTargetsInParallel = 1;
				LastSwiftUpdateCheck = 1540;
				LastUpgradeCheck = 1540;
				TargetAttributes = {
					7BF756AF2CC0F1020069B82C = {
						CreatedOnToolsVersion = 15.4;
					};
					7BF756C52CC0F1060069B82C = {
						CreatedOnToolsVersion = 15.4;
						TestTargetID = 7BF756AF2CC0F1020069B82C;
					};
					7BF756CF2CC0F1060069B82C = {
						CreatedOnToolsVersion = 15.4;
						TestTargetID = 7BF756AF2CC0F1020069B82C;
					};
				};
			};
			buildConfigurationList = 7BF756AB2CC0F1020069B82C /* Build configuration list for PBXProject "practice1710" */;
			compatibilityVersion = "Xcode 14.0";
			developmentRegion = en;
			hasScannedForEncodings = 0;
			knownRegions = (
				en,
				Base,
			);
			mainGroup = 7BF756A72CC0F1020069B82C;
			packageReferences = (
				7BF756E92CC0FB360069B82C /* XCRemoteSwiftPackageReference "SnapKit" */,
			);
			productRefGroup = 7BF756B12CC0F1020069B82C /* Products */;
			projectDirPath = "";
			projectRoot = "";
			targets = (
				7BF756AF2CC0F1020069B82C /* practice1710 */,
				7BF756C52CC0F1060069B82C /* practice1710Tests */,
				7BF756CF2CC0F1060069B82C /* practice1710UITests */,
			);
		};
/* End PBXProject section */

/* Begin PBXResourcesBuildPhase section */
		7BF756AE2CC0F1020069B82C /* Resources */ = {
			isa = PBXResourcesBuildPhase;
			buildActionMask = 2147483647;
			files = (
				7BF756BD2CC0F1060069B82C /* Assets.xcassets in Resources */,
				7BF756C02CC0F1060069B82C /* Base in Resources */,
				7BF756BB2CC0F1020069B82C /* Base in Resources */,
				7B9465362CCEC6D1007BF776 /* students.json in Resources */,
			);
			runOnlyForDeploymentPostprocessing = 0;
		};
		7BF756C42CC0F1060069B82C /* Resources */ = {
			isa = PBXResourcesBuildPhase;
			buildActionMask = 2147483647;
			files = (
			);
			runOnlyForDeploymentPostprocessing = 0;
		};
		7BF756CE2CC0F1060069B82C /* Resources */ = {
			isa = PBXResourcesBuildPhase;
			buildActionMask = 2147483647;
			files = (
			);
			runOnlyForDeploymentPostprocessing = 0;
		};
/* End PBXResourcesBuildPhase section */

/* Begin PBXSourcesBuildPhase section */
		7BF756AC2CC0F1020069B82C /* Sources */ = {
			isa = PBXSourcesBuildPhase;
			buildActionMask = 2147483647;
			files = (
				7B9465302CCA2E74007BF776 /* MenuFetcher.swift in Sources */,
				7BF756B82CC0F1020069B82C /* ViewController.swift in Sources */,
				7B9465382CCEC75E007BF776 /* StudentParser.swift in Sources */,
				7BF756E82CC0F48D0069B82C /* DrinkCell.swift in Sources */,
				7BF756B42CC0F1020069B82C /* AppDelegate.swift in Sources */,
				7BF756E52CC0F2320069B82C /* drink.swift in Sources */,
				7BF756B62CC0F1020069B82C /* SceneDelegate.swift in Sources */,
				7B9465332CCA3105007BF776 /* Coordinator.swift in Sources */,
			);
			runOnlyForDeploymentPostprocessing = 0;
		};
		7BF756C22CC0F1060069B82C /* Sources */ = {
			isa = PBXSourcesBuildPhase;
			buildActionMask = 2147483647;
			files = (
				7BF756CB2CC0F1060069B82C /* practice1710Tests.swift in Sources */,
			);
			runOnlyForDeploymentPostprocessing = 0;
		};
		7BF756CC2CC0F1060069B82C /* Sources */ = {
			isa = PBXSourcesBuildPhase;
			buildActionMask = 2147483647;
			files = (
				7BF756D72CC0F1060069B82C /* practice1710UITestsLaunchTests.swift in Sources */,
				7BF756D52CC0F1060069B82C /* practice1710UITests.swift in Sources */,
			);
			runOnlyForDeploymentPostprocessing = 0;
		};
/* End PBXSourcesBuildPhase section */

/* Begin PBXTargetDependency section */
		7BF756C82CC0F1060069B82C /* PBXTargetDependency */ = {
			isa = PBXTargetDependency;
			target = 7BF756AF2CC0F1020069B82C /* practice1710 */;
			targetProxy = 7BF756C72CC0F1060069B82C /* PBXContainerItemProxy */;
		};
		7BF756D22CC0F1060069B82C /* PBXTargetDependency */ = {
			isa = PBXTargetDependency;
			target = 7BF756AF2CC0F1020069B82C /* practice1710 */;
			targetProxy = 7BF756D12CC0F1060069B82C /* PBXContainerItemProxy */;
		};
/* End PBXTargetDependency section */

/* Begin PBXVariantGroup section */
		7BF756B92CC0F1020069B82C /* Main.storyboard */ = {
			isa = PBXVariantGroup;
			children = (
				7BF756BA2CC0F1020069B82C /* Base */,
			);
			name = Main.storyboard;
			sourceTree = "<group>";
		};
		7BF756BE2CC0F1060069B82C /* LaunchScreen.storyboard */ = {
			isa = PBXVariantGroup;
			children = (
				7BF756BF2CC0F1060069B82C /* Base */,
			);
			name = LaunchScreen.storyboard;
			sourceTree = "<group>";
		};
/* End PBXVariantGroup section */

/* Begin XCBuildConfiguration section */
		7BF756D82CC0F1060069B82C /* Debug */ = {
			isa = XCBuildConfiguration;
			buildSettings = {
				ALWAYS_SEARCH_USER_PATHS = NO;
				ASSETCATALOG_COMPILER_GENERATE_SWIFT_ASSET_SYMBOL_EXTENSIONS = YES;
				CLANG_ANALYZER_NONNULL = YES;
				CLANG_ANALYZER_NUMBER_OBJECT_CONVERSION = YES_AGGRESSIVE;
				CLANG_CXX_LANGUAGE_STANDARD = "gnu++20";
				CLANG_ENABLE_MODULES = YES;
				CLANG_ENABLE_OBJC_ARC = YES;
				CLANG_ENABLE_OBJC_WEAK = YES;
				CLANG_WARN_BLOCK_CAPTURE_AUTORELEASING = YES;
				CLANG_WARN_BOOL_CONVERSION = YES;
				CLANG_WARN_COMMA = YES;
				CLANG_WARN_CONSTANT_CONVERSION = YES;
				CLANG_WARN_DEPRECATED_OBJC_IMPLEMENTATIONS = YES;
				CLANG_WARN_DIRECT_OBJC_ISA_USAGE = YES_ERROR;
				CLANG_WARN_DOCUMENTATION_COMMENTS = YES;
				CLANG_WARN_EMPTY_BODY = YES;
				CLANG_WARN_ENUM_CONVERSION = YES;
				CLANG_WARN_INFINITE_RECURSION = YES;
				CLANG_WARN_INT_CONVERSION = YES;
				CLANG_WARN_NON_LITERAL_NULL_CONVERSION = YES;
				CLANG_WARN_OBJC_IMPLICIT_RETAIN_SELF = YES;
				CLANG_WARN_OBJC_LITERAL_CONVERSION = YES;
				CLANG_WARN_OBJC_ROOT_CLASS = YES_ERROR;
				CLANG_WARN_QUOTED_INCLUDE_IN_FRAMEWORK_HEADER = YES;
				CLANG_WARN_RANGE_LOOP_ANALYSIS = YES;
				CLANG_WARN_STRICT_PROTOTYPES = YES;
				CLANG_WARN_SUSPICIOUS_MOVE = YES;
				CLANG_WARN_UNGUARDED_AVAILABILITY = YES_AGGRESSIVE;
				CLANG_WARN_UNREACHABLE_CODE = YES;
				CLANG_WARN__DUPLICATE_METHOD_MATCH = YES;
				COPY_PHASE_STRIP = NO;
				DEBUG_INFORMATION_FORMAT = dwarf;
				ENABLE_STRICT_OBJC_MSGSEND = YES;
				ENABLE_TESTABILITY = YES;
				ENABLE_USER_SCRIPT_SANDBOXING = YES;
				GCC_C_LANGUAGE_STANDARD = gnu17;
				GCC_DYNAMIC_NO_PIC = NO;
				GCC_NO_COMMON_BLOCKS = YES;
				GCC_OPTIMIZATION_LEVEL = 0;
				GCC_PREPROCESSOR_DEFINITIONS = (
					"DEBUG=1",
					"$(inherited)",
				);
				GCC_WARN_64_TO_32_BIT_CONVERSION = YES;
				GCC_WARN_ABOUT_RETURN_TYPE = YES_ERROR;
				GCC_WARN_UNDECLARED_SELECTOR = YES;
				GCC_WARN_UNINITIALIZED_AUTOS = YES_AGGRESSIVE;
				GCC_WARN_UNUSED_FUNCTION = YES;
				GCC_WARN_UNUSED_VARIABLE = YES;
				IPHONEOS_DEPLOYMENT_TARGET = 17.5;
				LOCALIZATION_PREFERS_STRING_CATALOGS = YES;
				MTL_ENABLE_DEBUG_INFO = INCLUDE_SOURCE;
				MTL_FAST_MATH = YES;
				ONLY_ACTIVE_ARCH = YES;
				SDKROOT = iphoneos;
				SWIFT_ACTIVE_COMPILATION_CONDITIONS = "DEBUG $(inherited)";
				SWIFT_OPTIMIZATION_LEVEL = "-Onone";
			};
			name = Debug;
		};
		7BF756D92CC0F1060069B82C /* Release */ = {
			isa = XCBuildConfiguration;
			buildSettings = {
				ALWAYS_SEARCH_USER_PATHS = NO;
				ASSETCATALOG_COMPILER_GENERATE_SWIFT_ASSET_SYMBOL_EXTENSIONS = YES;
				CLANG_ANALYZER_NONNULL = YES;
				CLANG_ANALYZER_NUMBER_OBJECT_CONVERSION = YES_AGGRESSIVE;
				CLANG_CXX_LANGUAGE_STANDARD = "gnu++20";
				CLANG_ENABLE_MODULES = YES;
				CLANG_ENABLE_OBJC_ARC = YES;
				CLANG_ENABLE_OBJC_WEAK = YES;
				CLANG_WARN_BLOCK_CAPTURE_AUTORELEASING = YES;
				CLANG_WARN_BOOL_CONVERSION = YES;
				CLANG_WARN_COMMA = YES;
				CLANG_WARN_CONSTANT_CONVERSION = YES;
				CLANG_WARN_DEPRECATED_OBJC_IMPLEMENTATIONS = YES;
				CLANG_WARN_DIRECT_OBJC_ISA_USAGE = YES_ERROR;
				CLANG_WARN_DOCUMENTATION_COMMENTS = YES;
				CLANG_WARN_EMPTY_BODY = YES;
				CLANG_WARN_ENUM_CONVERSION = YES;
				CLANG_WARN_INFINITE_RECURSION = YES;
				CLANG_WARN_INT_CONVERSION = YES;
				CLANG_WARN_NON_LITERAL_NULL_CONVERSION = YES;
				CLANG_WARN_OBJC_IMPLICIT_RETAIN_SELF = YES;
				CLANG_WARN_OBJC_LITERAL_CONVERSION = YES;
				CLANG_WARN_OBJC_ROOT_CLASS = YES_ERROR;
				CLANG_WARN_QUOTED_INCLUDE_IN_FRAMEWORK_HEADER = YES;
				CLANG_WARN_RANGE_LOOP_ANALYSIS = YES;
				CLANG_WARN_STRICT_PROTOTYPES = YES;
				CLANG_WARN_SUSPICIOUS_MOVE = YES;
				CLANG_WARN_UNGUARDED_AVAILABILITY = YES_AGGRESSIVE;
				CLANG_WARN_UNREACHABLE_CODE = YES;
				CLANG_WARN__DUPLICATE_METHOD_MATCH = YES;
				COPY_PHASE_STRIP = NO;
				DEBUG_INFORMATION_FORMAT = "dwarf-with-dsym";
				ENABLE_NS_ASSERTIONS = NO;
				ENABLE_STRICT_OBJC_MSGSEND = YES;
				ENABLE_USER_SCRIPT_SANDBOXING = YES;
				GCC_C_LANGUAGE_STANDARD = gnu17;
				GCC_NO_COMMON_BLOCKS = YES;
				GCC_WARN_64_TO_32_BIT_CONVERSION = YES;
				GCC_WARN_ABOUT_RETURN_TYPE = YES_ERROR;
				GCC_WARN_UNDECLARED_SELECTOR = YES;
				GCC_WARN_UNINITIALIZED_AUTOS = YES_AGGRESSIVE;
				GCC_WARN_UNUSED_FUNCTION = YES;
				GCC_WARN_UNUSED_VARIABLE = YES;
				IPHONEOS_DEPLOYMENT_TARGET = 17.5;
				LOCALIZATION_PREFERS_STRING_CATALOGS = YES;
				MTL_ENABLE_DEBUG_INFO = NO;
				MTL_FAST_MATH = YES;
				SDKROOT = iphoneos;
				SWIFT_COMPILATION_MODE = wholemodule;
				VALIDATE_PRODUCT = YES;
			};
			name = Release;
		};
		7BF756DB2CC0F1060069B82C /* Debug */ = {
			isa = XCBuildConfiguration;
			buildSettings = {
				ASSETCATALOG_COMPILER_APPICON_NAME = AppIcon;
				ASSETCATALOG_COMPILER_GLOBAL_ACCENT_COLOR_NAME = AccentColor;
				CODE_SIGN_STYLE = Automatic;
				CURRENT_PROJECT_VERSION = 1;
				GENERATE_INFOPLIST_FILE = YES;
				INFOPLIST_FILE = practice1710/Info.plist;
				INFOPLIST_KEY_UIApplicationSupportsIndirectInputEvents = YES;
				INFOPLIST_KEY_UILaunchStoryboardName = LaunchScreen;
				INFOPLIST_KEY_UISupportedInterfaceOrientations_iPad = "UIInterfaceOrientationPortrait UIInterfaceOrientationPortraitUpsideDown UIInterfaceOrientationLandscapeLeft UIInterfaceOrientationLandscapeRight";
				INFOPLIST_KEY_UISupportedInterfaceOrientations_iPhone = "UIInterfaceOrientationPortrait UIInterfaceOrientationLandscapeLeft UIInterfaceOrientationLandscapeRight";
				LD_RUNPATH_SEARCH_PATHS = (
					"$(inherited)",
					"@executable_path/Frameworks",
				);
				MARKETING_VERSION = 1.0;
				PRODUCT_BUNDLE_IDENTIFIER = Solomatin.practice1710;
				PRODUCT_NAME = "$(TARGET_NAME)";
				SWIFT_EMIT_LOC_STRINGS = YES;
				SWIFT_VERSION = 5.0;
				TARGETED_DEVICE_FAMILY = "1,2";
			};
			name = Debug;
		};
		7BF756DC2CC0F1060069B82C /* Release */ = {
			isa = XCBuildConfiguration;
			buildSettings = {
				ASSETCATALOG_COMPILER_APPICON_NAME = AppIcon;
				ASSETCATALOG_COMPILER_GLOBAL_ACCENT_COLOR_NAME = AccentColor;
				CODE_SIGN_STYLE = Automatic;
				CURRENT_PROJECT_VERSION = 1;
				GENERATE_INFOPLIST_FILE = YES;
				INFOPLIST_FILE = practice1710/Info.plist;
				INFOPLIST_KEY_UIApplicationSupportsIndirectInputEvents = YES;
				INFOPLIST_KEY_UILaunchStoryboardName = LaunchScreen;
				INFOPLIST_KEY_UISupportedInterfaceOrientations_iPad = "UIInterfaceOrientationPortrait UIInterfaceOrientationPortraitUpsideDown UIInterfaceOrientationLandscapeLeft UIInterfaceOrientationLandscapeRight";
				INFOPLIST_KEY_UISupportedInterfaceOrientations_iPhone = "UIInterfaceOrientationPortrait UIInterfaceOrientationLandscapeLeft UIInterfaceOrientationLandscapeRight";
				LD_RUNPATH_SEARCH_PATHS = (
					"$(inherited)",
					"@executable_path/Frameworks",
				);
				MARKETING_VERSION = 1.0;
				PRODUCT_BUNDLE_IDENTIFIER = Solomatin.practice1710;
				PRODUCT_NAME = "$(TARGET_NAME)";
				SWIFT_EMIT_LOC_STRINGS = YES;
				SWIFT_VERSION = 5.0;
				TARGETED_DEVICE_FAMILY = "1,2";
			};
			name = Release;
		};
		7BF756DE2CC0F1060069B82C /* Debug */ = {
			isa = XCBuildConfiguration;
			buildSettings = {
				ALWAYS_EMBED_SWIFT_STANDARD_LIBRARIES = YES;
				BUNDLE_LOADER = "$(TEST_HOST)";
				CODE_SIGN_STYLE = Automatic;
				CURRENT_PROJECT_VERSION = 1;
				GENERATE_INFOPLIST_FILE = YES;
				IPHONEOS_DEPLOYMENT_TARGET = 17.5;
				MARKETING_VERSION = 1.0;
				PRODUCT_BUNDLE_IDENTIFIER = Solomatin.practice1710Tests;
				PRODUCT_NAME = "$(TARGET_NAME)";
				SWIFT_EMIT_LOC_STRINGS = NO;
				SWIFT_VERSION = 5.0;
				TARGETED_DEVICE_FAMILY = "1,2";
				TEST_HOST = "$(BUILT_PRODUCTS_DIR)/practice1710.app/$(BUNDLE_EXECUTABLE_FOLDER_PATH)/practice1710";
			};
			name = Debug;
		};
		7BF756DF2CC0F1060069B82C /* Release */ = {
			isa = XCBuildConfiguration;
			buildSettings = {
				ALWAYS_EMBED_SWIFT_STANDARD_LIBRARIES = YES;
				BUNDLE_LOADER = "$(TEST_HOST)";
				CODE_SIGN_STYLE = Automatic;
				CURRENT_PROJECT_VERSION = 1;
				GENERATE_INFOPLIST_FILE = YES;
				IPHONEOS_DEPLOYMENT_TARGET = 17.5;
				MARKETING_VERSION = 1.0;
				PRODUCT_BUNDLE_IDENTIFIER = Solomatin.practice1710Tests;
				PRODUCT_NAME = "$(TARGET_NAME)";
				SWIFT_EMIT_LOC_STRINGS = NO;
				SWIFT_VERSION = 5.0;
				TARGETED_DEVICE_FAMILY = "1,2";
				TEST_HOST = "$(BUILT_PRODUCTS_DIR)/practice1710.app/$(BUNDLE_EXECUTABLE_FOLDER_PATH)/practice1710";
			};
			name = Release;
		};
		7BF756E12CC0F1060069B82C /* Debug */ = {
			isa = XCBuildConfiguration;
			buildSettings = {
				ALWAYS_EMBED_SWIFT_STANDARD_LIBRARIES = YES;
				CODE_SIGN_STYLE = Automatic;
				CURRENT_PROJECT_VERSION = 1;
				GENERATE_INFOPLIST_FILE = YES;
				MARKETING_VERSION = 1.0;
				PRODUCT_BUNDLE_IDENTIFIER = Solomatin.practice1710UITests;
				PRODUCT_NAME = "$(TARGET_NAME)";
				SWIFT_EMIT_LOC_STRINGS = NO;
				SWIFT_VERSION = 5.0;
				TARGETED_DEVICE_FAMILY = "1,2";
				TEST_TARGET_NAME = practice1710;
			};
			name = Debug;
		};
		7BF756E22CC0F1060069B82C /* Release */ = {
			isa = XCBuildConfiguration;
			buildSettings = {
				ALWAYS_EMBED_SWIFT_STANDARD_LIBRARIES = YES;
				CODE_SIGN_STYLE = Automatic;
				CURRENT_PROJECT_VERSION = 1;
				GENERATE_INFOPLIST_FILE = YES;
				MARKETING_VERSION = 1.0;
				PRODUCT_BUNDLE_IDENTIFIER = Solomatin.practice1710UITests;
				PRODUCT_NAME = "$(TARGET_NAME)";
				SWIFT_EMIT_LOC_STRINGS = NO;
				SWIFT_VERSION = 5.0;
				TARGETED_DEVICE_FAMILY = "1,2";
				TEST_TARGET_NAME = practice1710;
			};
			name = Release;
		};
/* End XCBuildConfiguration section */

/* Begin XCConfigurationList section */
		7BF756AB2CC0F1020069B82C /* Build configuration list for PBXProject "practice1710" */ = {
			isa = XCConfigurationList;
			buildConfigurations = (
				7BF756D82CC0F1060069B82C /* Debug */,
				7BF756D92CC0F1060069B82C /* Release */,
			);
			defaultConfigurationIsVisible = 0;
			defaultConfigurationName = Release;
		};
		7BF756DA2CC0F1060069B82C /* Build configuration list for PBXNativeTarget "practice1710" */ = {
			isa = XCConfigurationList;
			buildConfigurations = (
				7BF756DB2CC0F1060069B82C /* Debug */,
				7BF756DC2CC0F1060069B82C /* Release */,
			);
			defaultConfigurationIsVisible = 0;
			defaultConfigurationName = Release;
		};
		7BF756DD2CC0F1060069B82C /* Build configuration list for PBXNativeTarget "practice1710Tests" */ = {
			isa = XCConfigurationList;
			buildConfigurations = (
				7BF756DE2CC0F1060069B82C /* Debug */,
				7BF756DF2CC0F1060069B82C /* Release */,
			);
			defaultConfigurationIsVisible = 0;
			defaultConfigurationName = Release;
		};
		7BF756E02CC0F1060069B82C /* Build configuration list for PBXNativeTarget "practice1710UITests" */ = {
			isa = XCConfigurationList;
			buildConfigurations = (
				7BF756E12CC0F1060069B82C /* Debug */,
				7BF756E22CC0F1060069B82C /* Release */,
			);
			defaultConfigurationIsVisible = 0;
			defaultConfigurationName = Release;
		};
/* End XCConfigurationList section */

/* Begin XCRemoteSwiftPackageReference section */
		7BF756E92CC0FB360069B82C /* XCRemoteSwiftPackageReference "SnapKit" */ = {
			isa = XCRemoteSwiftPackageReference;
			repositoryURL = "https://github.com/SnapKit/SnapKit.git";
			requirement = {
				kind = upToNextMajorVersion;
				minimumVersion = 5.7.1;
			};
		};
/* End XCRemoteSwiftPackageReference section */

/* Begin XCSwiftPackageProductDependency section */
		7BF756EA2CC0FB360069B82C /* SnapKit */ = {
			isa = XCSwiftPackageProductDependency;
			package = 7BF756E92CC0FB360069B82C /* XCRemoteSwiftPackageReference "SnapKit" */;
			productName = SnapKit;
		};
/* End XCSwiftPackageProductDependency section */
	};
	rootObject = 7BF756A82CC0F1020069B82C /* Project object */;
}
